
Microsoft Visual Studio Solution File, Format Version 12.00
# Visual Studio 2013
VisualStudioVersion = 12.0.30723.0
MinimumVisualStudioVersion = 10.0.40219.1
Project("{FAE04EC0-301F-11D3-BF4B-00C04F79EFBC}") = "FoodPlace.Models", "FoodPlace.Models\FoodPlace.Models.csproj", "{48177032-B907-466C-89E3-601675CCFB95}"
EndProject
Project("{FAE04EC0-301F-11D3-BF4B-00C04F79EFBC}") = "FoodPlace.Data", "FoodPlace.Data\FoodPlace.Data.csproj", "{DDEB339E-4DD0-4DAA-95B1-9C45A8E646B4}"
EndProject
Project("{FAE04EC0-301F-11D3-BF4B-00C04F79EFBC}") = "FoodPlace.Web", "FoodPlace.Web\FoodPlace.Web.csproj", "{45397CDA-734C-492F-B7E8-69627F6F3C5E}"
EndProject
Global
	GlobalSection(SolutionConfigurationPlatforms) = preSolution
		Debug|Any CPU = Debug|Any CPU
		Release|Any CPU = Release|Any CPU
	EndGlobalSection
	GlobalSection(ProjectConfigurationPlatforms) = postSolution
		{48177032-B907-466C-89E3-601675CCFB95}.Debug|Any CPU.ActiveCfg = Debug|Any CPU
		{48177032-B907-466C-89E3-601675CCFB95}.Debug|Any CPU.Build.0 = Debug|Any CPU
		{48177032-B907-466C-89E3-601675CCFB95}.Release|Any CPU.ActiveCfg = Release|Any CPU
		{48177032-B907-466C-89E3-601675CCFB95}.Release|Any CPU.Build.0 = Release|Any CPU
		{DDEB339E-4DD0-4DAA-95B1-9C45A8E646B4}.Debug|Any CPU.ActiveCfg = Debug|Any CPU
		{DDEB339E-4DD0-4DAA-95B1-9C45A8E646B4}.Debug|Any CPU.Build.0 = Debug|Any CPU
		{DDEB339E-4DD0-4DAA-95B1-9C45A8E646B4}.Release|Any CPU.ActiveCfg = Release|Any CPU
		{DDEB339E-4DD0-4DAA-95B1-9C45A8E646B4}.Release|Any CPU.Build.0 = Release|Any CPU
		{45397CDA-734C-492F-B7E8-69627F6F3C5E}.Debug|Any CPU.ActiveCfg = Debug|Any CPU
		{45397CDA-734C-492F-B7E8-69627F6F3C5E}.Debug|Any CPU.Build.0 = Debug|Any CPU
		{45397CDA-734C-492F-B7E8-69627F6F3C5E}.Release|Any CPU.ActiveCfg = Release|Any CPU
		{45397CDA-734C-492F-B7E8-69627F6F3C5E}.Release|Any CPU.Build.0 = Release|Any CPU
	EndGlobalSection
	GlobalSection(SolutionProperties) = preSolution
		HideSolutionNode = FALSE
	EndGlobalSection
EndGlobal
